
Microsoft Visual Studio Solution File, Format Version 12.00
# Visual Studio Version 17
VisualStudioVersion = 17.7.34031.279
MinimumVisualStudioVersion = 10.0.40219.1
Project("{9A19103F-16F7-4668-BE54-9A1E7A4F7556}") = "Vs.Pm.Web", "Vs.Pm.Web\Vs.Pm.Web.csproj", "{C7C096E7-E2CF-4B29-B438-49DCC46D0896}"
	ProjectSection(ProjectDependencies) = postProject
		{55FF176D-BD47-4DB8-9286-98B5E17ACAF7} = {55FF176D-BD47-4DB8-9286-98B5E17ACAF7}
	EndProjectSection
EndProject
Project("{9A19103F-16F7-4668-BE54-9A1E7A4F7556}") = "Vs.Pm.Pm.Db", "Vs.Pm.Pm.Db\Vs.Pm.Pm.Db.csproj", "{55FF176D-BD47-4DB8-9286-98B5E17ACAF7}"
EndProject
Project("{9A19103F-16F7-4668-BE54-9A1E7A4F7556}") = "Vs.Pm.Test", "Vs.Pm.Test\Vs.Pm.Test.csproj", "{5656861D-65BE-4F6F-87D1-C8BC5E306530}"
	ProjectSection(ProjectDependencies) = postProject
		{C7C096E7-E2CF-4B29-B438-49DCC46D0896} = {C7C096E7-E2CF-4B29-B438-49DCC46D0896}
	EndProjectSection
EndProject
Project("{9A19103F-16F7-4668-BE54-9A1E7A4F7556}") = "Vs.Pm.TestDb", "Vs.Pm.TestDb\Vs.Pm.TestDb.csproj", "{0F40E89B-4F4A-4332-8A59-A260FAE238E3}"
EndProject
Project("{9A19103F-16F7-4668-BE54-9A1E7A4F7556}") = "PlaywrightTests", "PlaywrightTests\PlaywrightTests.csproj", "{26CB783B-4145-431E-A762-D4EEFA9D84F6}"
EndProject
Global
	GlobalSection(SolutionConfigurationPlatforms) = preSolution
		Debug|Any CPU = Debug|Any CPU
		Release|Any CPU = Release|Any CPU
	EndGlobalSection
	GlobalSection(ProjectConfigurationPlatforms) = postSolution
		{C7C096E7-E2CF-4B29-B438-49DCC46D0896}.Debug|Any CPU.ActiveCfg = Debug|Any CPU
		{C7C096E7-E2CF-4B29-B438-49DCC46D0896}.Debug|Any CPU.Build.0 = Debug|Any CPU
		{C7C096E7-E2CF-4B29-B438-49DCC46D0896}.Release|Any CPU.ActiveCfg = Release|Any CPU
		{C7C096E7-E2CF-4B29-B438-49DCC46D0896}.Release|Any CPU.Build.0 = Release|Any CPU
		{55FF176D-BD47-4DB8-9286-98B5E17ACAF7}.Debug|Any CPU.ActiveCfg = Debug|Any CPU
		{55FF176D-BD47-4DB8-9286-98B5E17ACAF7}.Debug|Any CPU.Build.0 = Debug|Any CPU
		{55FF176D-BD47-4DB8-9286-98B5E17ACAF7}.Release|Any CPU.ActiveCfg = Release|Any CPU
		{55FF176D-BD47-4DB8-9286-98B5E17ACAF7}.Release|Any CPU.Build.0 = Release|Any CPU
		{5656861D-65BE-4F6F-87D1-C8BC5E306530}.Debug|Any CPU.ActiveCfg = Debug|Any CPU
		{5656861D-65BE-4F6F-87D1-C8BC5E306530}.Debug|Any CPU.Build.0 = Debug|Any CPU
		{5656861D-65BE-4F6F-87D1-C8BC5E306530}.Release|Any CPU.ActiveCfg = Release|Any CPU
		{5656861D-65BE-4F6F-87D1-C8BC5E306530}.Release|Any CPU.Build.0 = Release|Any CPU
		{0F40E89B-4F4A-4332-8A59-A260FAE238E3}.Debug|Any CPU.ActiveCfg = Debug|Any CPU
		{0F40E89B-4F4A-4332-8A59-A260FAE238E3}.Debug|Any CPU.Build.0 = Debug|Any CPU
		{0F40E89B-4F4A-4332-8A59-A260FAE238E3}.Release|Any CPU.ActiveCfg = Release|Any CPU
		{0F40E89B-4F4A-4332-8A59-A260FAE238E3}.Release|Any CPU.Build.0 = Release|Any CPU
		{26CB783B-4145-431E-A762-D4EEFA9D84F6}.Debug|Any CPU.ActiveCfg = Debug|Any CPU
		{26CB783B-4145-431E-A762-D4EEFA9D84F6}.Debug|Any CPU.Build.0 = Debug|Any CPU
		{26CB783B-4145-431E-A762-D4EEFA9D84F6}.Release|Any CPU.ActiveCfg = Release|Any CPU
		{26CB783B-4145-431E-A762-D4EEFA9D84F6}.Release|Any CPU.Build.0 = Release|Any CPU
	EndGlobalSection
	GlobalSection(SolutionProperties) = preSolution
		HideSolutionNode = FALSE
	EndGlobalSection
	GlobalSection(ExtensibilityGlobals) = postSolution
		SolutionGuid = {D27F30EE-13B9-4CC7-9305-0FDA46354840}
	EndGlobalSection
EndGlobal
